
Microsoft Visual Studio Solution File, Format Version 12.00
# Visual Studio Version 17
VisualStudioVersion = 17.11.35222.181
MinimumVisualStudioVersion = 10.0.40219.1
Project("{9A19103F-16F7-4668-BE54-9A1E7A4F7556}") = "ApostaEmCorridaMenu", "ApostaEmCorridaMenu\ApostaEmCorridaMenu.csproj", "{D93D3CED-5290-43B6-B0AC-2C3BF1B44F40}"
EndProject
Project("{9A19103F-16F7-4668-BE54-9A1E7A4F7556}") = "ApostaEmCorrida.Domain", "ApostaEmCorrida.Domain\ApostaEmCorrida.Domain.csproj", "{1D8467B6-2996-4871-950B-E9519C160525}"
EndProject
Project("{9A19103F-16F7-4668-BE54-9A1E7A4F7556}") = "ApostaEmCorrida.Dapper", "ApostaEmCorrida.Dapper\ApostaEmCorrida.Dapper.csproj", "{01048AE1-ADC9-4DA5-A47F-9A9135AA61C8}"
EndProject
Project("{9A19103F-16F7-4668-BE54-9A1E7A4F7556}") = "ApostaEmCorrida.API", "ApostaEmCorrida.API\ApostaEmCorrida.API.csproj", "{B583A99A-1B3C-4C14-9D2A-E0352695099F}"
EndProject
Project("{FAE04EC0-301F-11D3-BF4B-00C04F79EFBC}") = "ApostaEmCorrida.Services", "ApostaEmCorrida.Services\ApostaEmCorrida.Services.csproj", "{F40792FD-8D7F-46DC-BA85-21D4692607C4}"
EndProject
Global
	GlobalSection(SolutionConfigurationPlatforms) = preSolution
		Debug|Any CPU = Debug|Any CPU
		Release|Any CPU = Release|Any CPU
	EndGlobalSection
	GlobalSection(ProjectConfigurationPlatforms) = postSolution
		{D93D3CED-5290-43B6-B0AC-2C3BF1B44F40}.Debug|Any CPU.ActiveCfg = Debug|Any CPU
		{D93D3CED-5290-43B6-B0AC-2C3BF1B44F40}.Debug|Any CPU.Build.0 = Debug|Any CPU
		{D93D3CED-5290-43B6-B0AC-2C3BF1B44F40}.Release|Any CPU.ActiveCfg = Release|Any CPU
		{D93D3CED-5290-43B6-B0AC-2C3BF1B44F40}.Release|Any CPU.Build.0 = Release|Any CPU
		{1D8467B6-2996-4871-950B-E9519C160525}.Debug|Any CPU.ActiveCfg = Debug|Any CPU
		{1D8467B6-2996-4871-950B-E9519C160525}.Debug|Any CPU.Build.0 = Debug|Any CPU
		{1D8467B6-2996-4871-950B-E9519C160525}.Release|Any CPU.ActiveCfg = Release|Any CPU
		{1D8467B6-2996-4871-950B-E9519C160525}.Release|Any CPU.Build.0 = Release|Any CPU
		{01048AE1-ADC9-4DA5-A47F-9A9135AA61C8}.Debug|Any CPU.ActiveCfg = Debug|Any CPU
		{01048AE1-ADC9-4DA5-A47F-9A9135AA61C8}.Debug|Any CPU.Build.0 = Debug|Any CPU
		{01048AE1-ADC9-4DA5-A47F-9A9135AA61C8}.Release|Any CPU.ActiveCfg = Release|Any CPU
		{01048AE1-ADC9-4DA5-A47F-9A9135AA61C8}.Release|Any CPU.Build.0 = Release|Any CPU
		{B583A99A-1B3C-4C14-9D2A-E0352695099F}.Debug|Any CPU.ActiveCfg = Debug|Any CPU
		{B583A99A-1B3C-4C14-9D2A-E0352695099F}.Debug|Any CPU.Build.0 = Debug|Any CPU
		{B583A99A-1B3C-4C14-9D2A-E0352695099F}.Release|Any CPU.ActiveCfg = Release|Any CPU
		{B583A99A-1B3C-4C14-9D2A-E0352695099F}.Release|Any CPU.Build.0 = Release|Any CPU
		{F40792FD-8D7F-46DC-BA85-21D4692607C4}.Debug|Any CPU.ActiveCfg = Debug|Any CPU
		{F40792FD-8D7F-46DC-BA85-21D4692607C4}.Debug|Any CPU.Build.0 = Debug|Any CPU
		{F40792FD-8D7F-46DC-BA85-21D4692607C4}.Release|Any CPU.ActiveCfg = Release|Any CPU
		{F40792FD-8D7F-46DC-BA85-21D4692607C4}.Release|Any CPU.Build.0 = Release|Any CPU
	EndGlobalSection
	GlobalSection(SolutionProperties) = preSolution
		HideSolutionNode = FALSE
	EndGlobalSection
	GlobalSection(ExtensibilityGlobals) = postSolution
		SolutionGuid = {F550B4BF-E3D6-4F0E-A391-55EDE85D8C7B}
	EndGlobalSection
EndGlobal
