
Microsoft Visual Studio Solution File, Format Version 12.00
# Visual Studio Version 17
VisualStudioVersion = 17.11.35222.181
MinimumVisualStudioVersion = 10.0.40219.1
Project("{9A19103F-16F7-4668-BE54-9A1E7A4F7556}") = "ApostaEmCorrida.Domain", "ApostaEmCorrida.Domain\ApostaEmCorrida.Domain.csproj", "{1D8467B6-2996-4871-950B-E9519C160525}"
EndProject
Project("{9A19103F-16F7-4668-BE54-9A1E7A4F7556}") = "ApostaEmCorrida.Dapper", "ApostaEmCorrida.Dapper\ApostaEmCorrida.Dapper.csproj", "{01048AE1-ADC9-4DA5-A47F-9A9135AA61C8}"
EndProject
Project("{9A19103F-16F7-4668-BE54-9A1E7A4F7556}") = "ApostaEmCorrida.Services", "ApostaEmCorrida.Services\ApostaEmCorrida.Services.csproj", "{F40792FD-8D7F-46DC-BA85-21D4692607C4}"
	ProjectSection(ProjectDependencies) = postProject
		{1D8467B6-2996-4871-950B-E9519C160525} = {1D8467B6-2996-4871-950B-E9519C160525}
	EndProjectSection
EndProject
Project("{FAE04EC0-301F-11D3-BF4B-00C04F79EFBC}") = "ApostaEmCorrida.View", "ApostaEmCorrida.View\ApostaEmCorrida.View.csproj", "{D5BB4069-ABFA-466F-948A-FB07C22D1896}"
	ProjectSection(ProjectDependencies) = postProject
		{F40792FD-8D7F-46DC-BA85-21D4692607C4} = {F40792FD-8D7F-46DC-BA85-21D4692607C4}
	EndProjectSection
EndProject
Project("{FAE04EC0-301F-11D3-BF4B-00C04F79EFBC}") = "ApostaEmCorrida.API", "ApostaEmCorrida.API\ApostaEmCorrida.API.csproj", "{1243B5EA-08EF-490E-BF0D-949B59819EE5}"
EndProject
Global
	GlobalSection(SolutionConfigurationPlatforms) = preSolution
		Debug|Any CPU = Debug|Any CPU
		Release|Any CPU = Release|Any CPU
	EndGlobalSection
	GlobalSection(ProjectConfigurationPlatforms) = postSolution
		{1D8467B6-2996-4871-950B-E9519C160525}.Debug|Any CPU.ActiveCfg = Debug|Any CPU
		{1D8467B6-2996-4871-950B-E9519C160525}.Debug|Any CPU.Build.0 = Debug|Any CPU
		{1D8467B6-2996-4871-950B-E9519C160525}.Release|Any CPU.ActiveCfg = Release|Any CPU
		{1D8467B6-2996-4871-950B-E9519C160525}.Release|Any CPU.Build.0 = Release|Any CPU
		{01048AE1-ADC9-4DA5-A47F-9A9135AA61C8}.Debug|Any CPU.ActiveCfg = Debug|Any CPU
		{01048AE1-ADC9-4DA5-A47F-9A9135AA61C8}.Debug|Any CPU.Build.0 = Debug|Any CPU
		{01048AE1-ADC9-4DA5-A47F-9A9135AA61C8}.Release|Any CPU.ActiveCfg = Release|Any CPU
		{01048AE1-ADC9-4DA5-A47F-9A9135AA61C8}.Release|Any CPU.Build.0 = Release|Any CPU
		{F40792FD-8D7F-46DC-BA85-21D4692607C4}.Debug|Any CPU.ActiveCfg = Debug|Any CPU
		{F40792FD-8D7F-46DC-BA85-21D4692607C4}.Debug|Any CPU.Build.0 = Debug|Any CPU
		{F40792FD-8D7F-46DC-BA85-21D4692607C4}.Release|Any CPU.ActiveCfg = Release|Any CPU
		{F40792FD-8D7F-46DC-BA85-21D4692607C4}.Release|Any CPU.Build.0 = Release|Any CPU
		{D5BB4069-ABFA-466F-948A-FB07C22D1896}.Debug|Any CPU.ActiveCfg = Debug|Any CPU
		{D5BB4069-ABFA-466F-948A-FB07C22D1896}.Debug|Any CPU.Build.0 = Debug|Any CPU
		{D5BB4069-ABFA-466F-948A-FB07C22D1896}.Release|Any CPU.ActiveCfg = Release|Any CPU
		{D5BB4069-ABFA-466F-948A-FB07C22D1896}.Release|Any CPU.Build.0 = Release|Any CPU
		{1243B5EA-08EF-490E-BF0D-949B59819EE5}.Debug|Any CPU.ActiveCfg = Debug|Any CPU
		{1243B5EA-08EF-490E-BF0D-949B59819EE5}.Debug|Any CPU.Build.0 = Debug|Any CPU
		{1243B5EA-08EF-490E-BF0D-949B59819EE5}.Release|Any CPU.ActiveCfg = Release|Any CPU
		{1243B5EA-08EF-490E-BF0D-949B59819EE5}.Release|Any CPU.Build.0 = Release|Any CPU
	EndGlobalSection
	GlobalSection(SolutionProperties) = preSolution
		HideSolutionNode = FALSE
	EndGlobalSection
	GlobalSection(ExtensibilityGlobals) = postSolution
		SolutionGuid = {F550B4BF-E3D6-4F0E-A391-55EDE85D8C7B}
	EndGlobalSection
EndGlobal
